Microsoft Visual Studio Solution File, Format Version 11.00
# Visual Studio 2008

Project("{A2462B03-E6DE-F7E5-114E-B8DCA72E2541}") = "Go Green", "Assembly-CSharp.csproj", "{69F0BB8A-B833-62C8-5BB1-922E421CF9B1}"
EndProject
Global
	GlobalSection(SolutionConfigurationPlatforms) = preSolution
		Debug|Any CPU = Debug|Any CPU
		Release|Any CPU = Release|Any CPU
	EndGlobalSection
	GlobalSection(ProjectConfigurationPlatforms) = postSolution
		{69F0BB8A-B833-62C8-5BB1-922E421CF9B1}.Debug|Any CPU.ActiveCfg = Debug|Any CPU
		{69F0BB8A-B833-62C8-5BB1-922E421CF9B1}.Debug|Any CPU.Build.0 = Debug|Any CPU
		{69F0BB8A-B833-62C8-5BB1-922E421CF9B1}.Release|Any CPU.ActiveCfg = Release|Any CPU
		{69F0BB8A-B833-62C8-5BB1-922E421CF9B1}.Release|Any CPU.Build.0 = Release|Any CPU
	EndGlobalSection
	GlobalSection(SolutionProperties) = preSolution
		HideSolutionNode = FALSE
	EndGlobalSection
	GlobalSection(MonoDevelopProperties) = preSolution
		StartupItem = Assembly-CSharp.csproj
	EndGlobalSection
EndGlobal
